
Microsoft Visual Studio Solution File, Format Version 12.00
# Visual Studio Version 17
VisualStudioVersion = 17.6.33801.468
MinimumVisualStudioVersion = 10.0.40219.1
Project("{FAE04EC0-301F-11D3-BF4B-00C04F79EFBC}") = "SplitOpdrachten", "SplitOpdrachten\SplitOpdrachten.csproj", "{13E06A92-AD78-46E1-BBB9-FEAB3CE63EF4}"
EndProject
Global
	GlobalSection(SolutionConfigurationPlatforms) = preSolution
		Debug|Any CPU = Debug|Any CPU
		Release|Any CPU = Release|Any CPU
	EndGlobalSection
	GlobalSection(ProjectConfigurationPlatforms) = postSolution
		{13E06A92-AD78-46E1-BBB9-FEAB3CE63EF4}.Debug|Any CPU.ActiveCfg = Debug|Any CPU
		{13E06A92-AD78-46E1-BBB9-FEAB3CE63EF4}.Debug|Any CPU.Build.0 = Debug|Any CPU
		{13E06A92-AD78-46E1-BBB9-FEAB3CE63EF4}.Release|Any CPU.ActiveCfg = Release|Any CPU
		{13E06A92-AD78-46E1-BBB9-FEAB3CE63EF4}.Release|Any CPU.Build.0 = Release|Any CPU
	EndGlobalSection
	GlobalSection(SolutionProperties) = preSolution
		HideSolutionNode = FALSE
	EndGlobalSection
	GlobalSection(ExtensibilityGlobals) = postSolution
		SolutionGuid = {140F4424-7BA3-44ED-A162-0F74779AB8A5}
	EndGlobalSection
EndGlobal
