
Microsoft Visual Studio Solution File, Format Version 12.00
# Visual Studio Version 17
VisualStudioVersion = 17.5.33627.172
MinimumVisualStudioVersion = 10.0.40219.1
Project("{FAE04EC0-301F-11D3-BF4B-00C04F79EFBC}") = "ListOpdrachten", "ListOpdrachten\ListOpdrachten.csproj", "{7C130E28-F8C6-4288-9C32-F0A5D1278411}"
EndProject
Global
	GlobalSection(SolutionConfigurationPlatforms) = preSolution
		Debug|Any CPU = Debug|Any CPU
		Release|Any CPU = Release|Any CPU
	EndGlobalSection
	GlobalSection(ProjectConfigurationPlatforms) = postSolution
		{7C130E28-F8C6-4288-9C32-F0A5D1278411}.Debug|Any CPU.ActiveCfg = Debug|Any CPU
		{7C130E28-F8C6-4288-9C32-F0A5D1278411}.Debug|Any CPU.Build.0 = Debug|Any CPU
		{7C130E28-F8C6-4288-9C32-F0A5D1278411}.Release|Any CPU.ActiveCfg = Release|Any CPU
		{7C130E28-F8C6-4288-9C32-F0A5D1278411}.Release|Any CPU.Build.0 = Release|Any CPU
	EndGlobalSection
	GlobalSection(SolutionProperties) = preSolution
		HideSolutionNode = FALSE
	EndGlobalSection
	GlobalSection(ExtensibilityGlobals) = postSolution
		SolutionGuid = {A94E1812-BD1F-46DD-ABB0-AA476518DE51}
	EndGlobalSection
EndGlobal
